Microsoft Visual Studio Solution File, Format Version 12.00
# Visual Studio Version 17
VisualStudioVersion = 17.5.2.0
MinimumVisualStudioVersion = 10.0.40219.1
Project("{FAE04EC0-301F-11D3-BF4B-00C04F79EFBC}") = "SkillManager", "SkillManager.csproj", "{D38FE963-935F-C2FC-99FE-22D47F5FB164}"
EndProject
Global
	GlobalSection(SolutionConfigurationPlatforms) = preSolution
		Debug|Any CPU = Debug|Any CPU
		Release|Any CPU = Release|Any CPU
	EndGlobalSection
	GlobalSection(ProjectConfigurationPlatforms) = postSolution
		{D38FE963-935F-C2FC-99FE-22D47F5FB164}.Debug|Any CPU.ActiveCfg = Debug|Any CPU
		{D38FE963-935F-C2FC-99FE-22D47F5FB164}.Debug|Any CPU.Build.0 = Debug|Any CPU
		{D38FE963-935F-C2FC-99FE-22D47F5FB164}.Release|Any CPU.ActiveCfg = Release|Any CPU
		{D38FE963-935F-C2FC-99FE-22D47F5FB164}.Release|Any CPU.Build.0 = Release|Any CPU
	EndGlobalSection
	GlobalSection(SolutionProperties) = preSolution
		HideSolutionNode = FALSE
	EndGlobalSection
	GlobalSection(ExtensibilityGlobals) = postSolution
		SolutionGuid = {45D23169-6D64-458F-B8FA-6B30FB2C2B9A}
	EndGlobalSection
EndGlobal
